
Microsoft Visual Studio Solution File, Format Version 12.00
# Visual Studio Version 16
VisualStudioVersion = 16.0.31129.286
MinimumVisualStudioVersion = 10.0.40219.1
Project("{FAE04EC0-301F-11D3-BF4B-00C04F79EFBC}") = "TeamsManifestExtension", "TeamsManifestExtension\TeamsManifestExtension.csproj", "{0F9224FD-018E-448E-9451-D2F84AF10143}"
EndProject
Project("{2150E333-8FDC-42A3-9474-1A3956D46DE8}") = "Solution Items", "Solution Items", "{A9A65F82-4C90-4BA7-A9AC-2417EE69F54C}"
	ProjectSection(SolutionItems) = preProject
		.editorconfig = .editorconfig
	EndProjectSection
EndProject
Global
	GlobalSection(SolutionConfigurationPlatforms) = preSolution
		Debug|Any CPU = Debug|Any CPU
		Release|Any CPU = Release|Any CPU
	EndGlobalSection
	GlobalSection(ProjectConfigurationPlatforms) = postSolution
		{0F9224FD-018E-448E-9451-D2F84AF10143}.Debug|Any CPU.ActiveCfg = Debug|Any CPU
		{0F9224FD-018E-448E-9451-D2F84AF10143}.Debug|Any CPU.Build.0 = Debug|Any CPU
		{0F9224FD-018E-448E-9451-D2F84AF10143}.Release|Any CPU.ActiveCfg = Release|Any CPU
		{0F9224FD-018E-448E-9451-D2F84AF10143}.Release|Any CPU.Build.0 = Release|Any CPU
	EndGlobalSection
	GlobalSection(SolutionProperties) = preSolution
		HideSolutionNode = FALSE
	EndGlobalSection
	GlobalSection(ExtensibilityGlobals) = postSolution
		SolutionGuid = {0D9672DF-F943-4264-B433-1F0D38879D4E}
	EndGlobalSection
EndGlobal
