
Microsoft Visual Studio Solution File, Format Version 12.00
# Visual Studio 15
VisualStudioVersion = 15.0.27130.2027
MinimumVisualStudioVersion = 10.0.40219.1
Project("{FAE04EC0-301F-11D3-BF4B-00C04F79EFBC}") = "TeamsManifestExtension", "TeamsManifestExtension\TeamsManifestExtension.csproj", "{2222F073-8930-4F09-9F38-51B228302096}"
EndProject
Global
	GlobalSection(SolutionConfigurationPlatforms) = preSolution
		Debug|Any CPU = Debug|Any CPU
		Release|Any CPU = Release|Any CPU
	EndGlobalSection
	GlobalSection(ProjectConfigurationPlatforms) = postSolution
		{2222F073-8930-4F09-9F38-51B228302096}.Debug|Any CPU.ActiveCfg = Debug|Any CPU
		{2222F073-8930-4F09-9F38-51B228302096}.Debug|Any CPU.Build.0 = Debug|Any CPU
		{2222F073-8930-4F09-9F38-51B228302096}.Release|Any CPU.ActiveCfg = Release|Any CPU
		{2222F073-8930-4F09-9F38-51B228302096}.Release|Any CPU.Build.0 = Release|Any CPU
	EndGlobalSection
	GlobalSection(SolutionProperties) = preSolution
		HideSolutionNode = FALSE
	EndGlobalSection
	GlobalSection(ExtensibilityGlobals) = postSolution
		SolutionGuid = {0D9672DF-F943-4264-B433-1F0D38879D4E}
	EndGlobalSection
EndGlobal
